
Microsoft Visual Studio Solution File, Format Version 12.00
# Visual Studio 2013
VisualStudioVersion = 12.0.31101.0
MinimumVisualStudioVersion = 10.0.40219.1
Project("{FAE04EC0-301F-11D3-BF4B-00C04F79EFBC}") = "WebJumony", "WebJumony\WebJumony.csproj", "{1CF1CF07-950F-49E2-82D3-44BE3534F15C}"
EndProject
Project("{FAE04EC0-301F-11D3-BF4B-00C04F79EFBC}") = "WebJumony.Tests", "WebJumony.Tests\WebJumony.Tests.csproj", "{91D525A7-0CCE-45DA-92FD-F96630625F83}"
EndProject
Global
	GlobalSection(SolutionConfigurationPlatforms) = preSolution
		Debug|Any CPU = Debug|Any CPU
		Release|Any CPU = Release|Any CPU
	EndGlobalSection
	GlobalSection(ProjectConfigurationPlatforms) = postSolution
		{1CF1CF07-950F-49E2-82D3-44BE3534F15C}.Debug|Any CPU.ActiveCfg = Debug|Any CPU
		{1CF1CF07-950F-49E2-82D3-44BE3534F15C}.Debug|Any CPU.Build.0 = Debug|Any CPU
		{1CF1CF07-950F-49E2-82D3-44BE3534F15C}.Release|Any CPU.ActiveCfg = Release|Any CPU
		{1CF1CF07-950F-49E2-82D3-44BE3534F15C}.Release|Any CPU.Build.0 = Release|Any CPU
		{91D525A7-0CCE-45DA-92FD-F96630625F83}.Debug|Any CPU.ActiveCfg = Debug|Any CPU
		{91D525A7-0CCE-45DA-92FD-F96630625F83}.Debug|Any CPU.Build.0 = Debug|Any CPU
		{91D525A7-0CCE-45DA-92FD-F96630625F83}.Release|Any CPU.ActiveCfg = Release|Any CPU
		{91D525A7-0CCE-45DA-92FD-F96630625F83}.Release|Any CPU.Build.0 = Release|Any CPU
	EndGlobalSection
	GlobalSection(SolutionProperties) = preSolution
		HideSolutionNode = FALSE
	EndGlobalSection
EndGlobal
