
Microsoft Visual Studio Solution File, Format Version 12.00
# Visual Studio 2013
VisualStudioVersion = 12.0.31101.0
MinimumVisualStudioVersion = 10.0.40219.1
Project("{FAE04EC0-301F-11D3-BF4B-00C04F79EFBC}") = "LemonAppMVC5", "LemonAppMVC5\LemonAppMVC5.csproj", "{B07B2C73-C74A-4BBC-BE3E-5D13C10B7BFE}"
EndProject
Project("{FAE04EC0-301F-11D3-BF4B-00C04F79EFBC}") = "LemonAppMVC5.Tests", "LemonAppMVC5.Tests\LemonAppMVC5.Tests.csproj", "{E4B72DB2-C1B3-4A49-8207-71DAD0EE80C2}"
EndProject
Project("{FAE04EC0-301F-11D3-BF4B-00C04F79EFBC}") = "LemonBiz", "LemonBiz\LemonBiz.csproj", "{B24BE821-A3E4-468E-A538-12EF20124382}"
EndProject
Global
	GlobalSection(SolutionConfigurationPlatforms) = preSolution
		Debug|Any CPU = Debug|Any CPU
		Release|Any CPU = Release|Any CPU
	EndGlobalSection
	GlobalSection(ProjectConfigurationPlatforms) = postSolution
		{B07B2C73-C74A-4BBC-BE3E-5D13C10B7BFE}.Debug|Any CPU.ActiveCfg = Debug|Any CPU
		{B07B2C73-C74A-4BBC-BE3E-5D13C10B7BFE}.Debug|Any CPU.Build.0 = Debug|Any CPU
		{B07B2C73-C74A-4BBC-BE3E-5D13C10B7BFE}.Release|Any CPU.ActiveCfg = Release|Any CPU
		{B07B2C73-C74A-4BBC-BE3E-5D13C10B7BFE}.Release|Any CPU.Build.0 = Release|Any CPU
		{E4B72DB2-C1B3-4A49-8207-71DAD0EE80C2}.Debug|Any CPU.ActiveCfg = Debug|Any CPU
		{E4B72DB2-C1B3-4A49-8207-71DAD0EE80C2}.Debug|Any CPU.Build.0 = Debug|Any CPU
		{E4B72DB2-C1B3-4A49-8207-71DAD0EE80C2}.Release|Any CPU.ActiveCfg = Release|Any CPU
		{E4B72DB2-C1B3-4A49-8207-71DAD0EE80C2}.Release|Any CPU.Build.0 = Release|Any CPU
		{B24BE821-A3E4-468E-A538-12EF20124382}.Debug|Any CPU.ActiveCfg = Debug|Any CPU
		{B24BE821-A3E4-468E-A538-12EF20124382}.Debug|Any CPU.Build.0 = Debug|Any CPU
		{B24BE821-A3E4-468E-A538-12EF20124382}.Release|Any CPU.ActiveCfg = Release|Any CPU
		{B24BE821-A3E4-468E-A538-12EF20124382}.Release|Any CPU.Build.0 = Release|Any CPU
	EndGlobalSection
	GlobalSection(SolutionProperties) = preSolution
		HideSolutionNode = FALSE
	EndGlobalSection
EndGlobal
